
Microsoft Visual Studio Solution File, Format Version 12.00
# Visual Studio 2013
VisualStudioVersion = 12.0.40629.0
MinimumVisualStudioVersion = 10.0.40219.1
Project("{FAE04EC0-301F-11D3-BF4B-00C04F79EFBC}") = "HelloWorld", "HelloWorld\HelloWorld.csproj", "{2F3C1091-23B9-4E8A-857A-FB4267F42537}"
EndProject
Project("{FAE04EC0-301F-11D3-BF4B-00C04F79EFBC}") = "HelloName", "HelloName\HelloName.csproj", "{30609ED2-9B98-4EC0-8282-FB8632FFC547}"
EndProject
Project("{FAE04EC0-301F-11D3-BF4B-00C04F79EFBC}") = "Lang52Console", "Lang52Console\Lang52Console.csproj", "{E0CFC081-7D77-4570-85EE-BF3A22AE49F3}"
EndProject
Project("{FAE04EC0-301F-11D3-BF4B-00C04F79EFBC}") = "Lang54BConsole", "Lang54BConsole\Lang54BConsole.csproj", "{49A7D54C-C8C7-40DF-BEC7-3B4E8E873A06}"
EndProject
Project("{FAE04EC0-301F-11D3-BF4B-00C04F79EFBC}") = "YourNameConsole", "YourNameConsole\YourNameConsole.csproj", "{9A1FB176-12D8-4A7E-84A6-EFE21877CF8D}"
EndProject
Project("{FAE04EC0-301F-11D3-BF4B-00C04F79EFBC}") = "Lang54C", "Lang54B\Lang54C.csproj", "{0188C551-54DC-459F-ADE8-AA68794F6907}"
EndProject
Project("{FAE04EC0-301F-11D3-BF4B-00C04F79EFBC}") = "Prog54A", "Prog54A\Prog54A.csproj", "{A40F77E5-F9F2-4F56-BCA5-5E7CD4E42293}"
EndProject
Project("{FAE04EC0-301F-11D3-BF4B-00C04F79EFBC}") = "Fav Club", "ConsoleApplication1\Fav Club.csproj", "{26BA4AB8-024B-4C2E-9FE3-344C33178DCF}"
EndProject
Project("{FAE04EC0-301F-11D3-BF4B-00C04F79EFBC}") = "Lang88", "Lang88\Lang88.csproj", "{6E5CEE10-A2CC-431B-BBB1-1EC6A5ECBB79}"
EndProject
Project("{FAE04EC0-301F-11D3-BF4B-00C04F79EFBC}") = "Lang85C", "Lang85C\Lang85C.csproj", "{2E68BED5-44BA-41B1-ACD3-1AD058F465E2}"
EndProject
Project("{FAE04EC0-301F-11D3-BF4B-00C04F79EFBC}") = "Lang54bForm", "Lang54bForm\Lang54bForm.csproj", "{C655FF7C-5207-4B62-9998-581235D45332}"
EndProject
Project("{FAE04EC0-301F-11D3-BF4B-00C04F79EFBC}") = "AboutMeForm", "AboutMeForm\AboutMeForm.csproj", "{24687535-6A59-44F3-AFA4-D5C78F75F967}"
EndProject
Project("{FAE04EC0-301F-11D3-BF4B-00C04F79EFBC}") = "Prog273Mass", "Prog273\Prog273Mass.csproj", "{251FBCDC-152F-49CA-AAFE-1B3DC9B7DC19}"
EndProject
Project("{FAE04EC0-301F-11D3-BF4B-00C04F79EFBC}") = "LP4-5", "LP4-5\LP4-5.csproj", "{C4EC4E02-BE82-45CE-817F-17519C65EEDB}"
EndProject
Project("{FAE04EC0-301F-11D3-BF4B-00C04F79EFBC}") = "LP4-1", "LP4-1\LP4-1.csproj", "{45F783A4-A5B3-48A9-BE1A-9BCA34CE3F40}"
EndProject
Project("{FAE04EC0-301F-11D3-BF4B-00C04F79EFBC}") = "273Book", "273Book\273Book.csproj", "{35A210D3-3B51-4CD6-BCC0-F37B1BFC53B3}"
EndProject
Project("{FAE04EC0-301F-11D3-BF4B-00C04F79EFBC}") = "Lang266", "Lang266\Lang266.csproj", "{2B012351-E959-4E5A-8339-9D91DE69DED6}"
EndProject
Project("{FAE04EC0-301F-11D3-BF4B-00C04F79EFBC}") = "LP4-2", "LP4-2\LP4-2.csproj", "{F017FD34-1EE8-495F-B2B3-F7121D18A9DE}"
EndProject
Project("{FAE04EC0-301F-11D3-BF4B-00C04F79EFBC}") = "Progs535", "Progs535\Progs535.csproj", "{40558E45-0F48-4DAD-BE48-EB8A1B97FBDB}"
EndProject
Global
	GlobalSection(SolutionConfigurationPlatforms) = preSolution
		Debug|Any CPU = Debug|Any CPU
		Release|Any CPU = Release|Any CPU
	EndGlobalSection
	GlobalSection(ProjectConfigurationPlatforms) = postSolution
		{2F3C1091-23B9-4E8A-857A-FB4267F42537}.Debug|Any CPU.ActiveCfg = Debug|Any CPU
		{2F3C1091-23B9-4E8A-857A-FB4267F42537}.Debug|Any CPU.Build.0 = Debug|Any CPU
		{2F3C1091-23B9-4E8A-857A-FB4267F42537}.Release|Any CPU.ActiveCfg = Release|Any CPU
		{2F3C1091-23B9-4E8A-857A-FB4267F42537}.Release|Any CPU.Build.0 = Release|Any CPU
		{30609ED2-9B98-4EC0-8282-FB8632FFC547}.Debug|Any CPU.ActiveCfg = Debug|Any CPU
		{30609ED2-9B98-4EC0-8282-FB8632FFC547}.Debug|Any CPU.Build.0 = Debug|Any CPU
		{30609ED2-9B98-4EC0-8282-FB8632FFC547}.Release|Any CPU.ActiveCfg = Release|Any CPU
		{30609ED2-9B98-4EC0-8282-FB8632FFC547}.Release|Any CPU.Build.0 = Release|Any CPU
		{E0CFC081-7D77-4570-85EE-BF3A22AE49F3}.Debug|Any CPU.ActiveCfg = Debug|Any CPU
		{E0CFC081-7D77-4570-85EE-BF3A22AE49F3}.Debug|Any CPU.Build.0 = Debug|Any CPU
		{E0CFC081-7D77-4570-85EE-BF3A22AE49F3}.Release|Any CPU.ActiveCfg = Release|Any CPU
		{E0CFC081-7D77-4570-85EE-BF3A22AE49F3}.Release|Any CPU.Build.0 = Release|Any CPU
		{49A7D54C-C8C7-40DF-BEC7-3B4E8E873A06}.Debug|Any CPU.ActiveCfg = Debug|Any CPU
		{49A7D54C-C8C7-40DF-BEC7-3B4E8E873A06}.Debug|Any CPU.Build.0 = Debug|Any CPU
		{49A7D54C-C8C7-40DF-BEC7-3B4E8E873A06}.Release|Any CPU.ActiveCfg = Release|Any CPU
		{49A7D54C-C8C7-40DF-BEC7-3B4E8E873A06}.Release|Any CPU.Build.0 = Release|Any CPU
		{9A1FB176-12D8-4A7E-84A6-EFE21877CF8D}.Debug|Any CPU.ActiveCfg = Debug|Any CPU
		{9A1FB176-12D8-4A7E-84A6-EFE21877CF8D}.Debug|Any CPU.Build.0 = Debug|Any CPU
		{9A1FB176-12D8-4A7E-84A6-EFE21877CF8D}.Release|Any CPU.ActiveCfg = Release|Any CPU
		{9A1FB176-12D8-4A7E-84A6-EFE21877CF8D}.Release|Any CPU.Build.0 = Release|Any CPU
		{0188C551-54DC-459F-ADE8-AA68794F6907}.Debug|Any CPU.ActiveCfg = Debug|Any CPU
		{0188C551-54DC-459F-ADE8-AA68794F6907}.Debug|Any CPU.Build.0 = Debug|Any CPU
		{0188C551-54DC-459F-ADE8-AA68794F6907}.Release|Any CPU.ActiveCfg = Release|Any CPU
		{0188C551-54DC-459F-ADE8-AA68794F6907}.Release|Any CPU.Build.0 = Release|Any CPU
		{A40F77E5-F9F2-4F56-BCA5-5E7CD4E42293}.Debug|Any CPU.ActiveCfg = Debug|Any CPU
		{A40F77E5-F9F2-4F56-BCA5-5E7CD4E42293}.Debug|Any CPU.Build.0 = Debug|Any CPU
		{A40F77E5-F9F2-4F56-BCA5-5E7CD4E42293}.Release|Any CPU.ActiveCfg = Release|Any CPU
		{A40F77E5-F9F2-4F56-BCA5-5E7CD4E42293}.Release|Any CPU.Build.0 = Release|Any CPU
		{26BA4AB8-024B-4C2E-9FE3-344C33178DCF}.Debug|Any CPU.ActiveCfg = Debug|Any CPU
		{26BA4AB8-024B-4C2E-9FE3-344C33178DCF}.Debug|Any CPU.Build.0 = Debug|Any CPU
		{26BA4AB8-024B-4C2E-9FE3-344C33178DCF}.Release|Any CPU.ActiveCfg = Release|Any CPU
		{26BA4AB8-024B-4C2E-9FE3-344C33178DCF}.Release|Any CPU.Build.0 = Release|Any CPU
		{6E5CEE10-A2CC-431B-BBB1-1EC6A5ECBB79}.Debug|Any CPU.ActiveCfg = Debug|Any CPU
		{6E5CEE10-A2CC-431B-BBB1-1EC6A5ECBB79}.Debug|Any CPU.Build.0 = Debug|Any CPU
		{6E5CEE10-A2CC-431B-BBB1-1EC6A5ECBB79}.Release|Any CPU.ActiveCfg = Release|Any CPU
		{6E5CEE10-A2CC-431B-BBB1-1EC6A5ECBB79}.Release|Any CPU.Build.0 = Release|Any CPU
		{2E68BED5-44BA-41B1-ACD3-1AD058F465E2}.Debug|Any CPU.ActiveCfg = Debug|Any CPU
		{2E68BED5-44BA-41B1-ACD3-1AD058F465E2}.Debug|Any CPU.Build.0 = Debug|Any CPU
		{2E68BED5-44BA-41B1-ACD3-1AD058F465E2}.Release|Any CPU.ActiveCfg = Release|Any CPU
		{2E68BED5-44BA-41B1-ACD3-1AD058F465E2}.Release|Any CPU.Build.0 = Release|Any CPU
		{C655FF7C-5207-4B62-9998-581235D45332}.Debug|Any CPU.ActiveCfg = Debug|Any CPU
		{C655FF7C-5207-4B62-9998-581235D45332}.Debug|Any CPU.Build.0 = Debug|Any CPU
		{C655FF7C-5207-4B62-9998-581235D45332}.Release|Any CPU.ActiveCfg = Release|Any CPU
		{C655FF7C-5207-4B62-9998-581235D45332}.Release|Any CPU.Build.0 = Release|Any CPU
		{24687535-6A59-44F3-AFA4-D5C78F75F967}.Debug|Any CPU.ActiveCfg = Debug|Any CPU
		{24687535-6A59-44F3-AFA4-D5C78F75F967}.Debug|Any CPU.Build.0 = Debug|Any CPU
		{24687535-6A59-44F3-AFA4-D5C78F75F967}.Release|Any CPU.ActiveCfg = Release|Any CPU
		{24687535-6A59-44F3-AFA4-D5C78F75F967}.Release|Any CPU.Build.0 = Release|Any CPU
		{251FBCDC-152F-49CA-AAFE-1B3DC9B7DC19}.Debug|Any CPU.ActiveCfg = Debug|Any CPU
		{251FBCDC-152F-49CA-AAFE-1B3DC9B7DC19}.Debug|Any CPU.Build.0 = Debug|Any CPU
		{251FBCDC-152F-49CA-AAFE-1B3DC9B7DC19}.Release|Any CPU.ActiveCfg = Release|Any CPU
		{251FBCDC-152F-49CA-AAFE-1B3DC9B7DC19}.Release|Any CPU.Build.0 = Release|Any CPU
		{C4EC4E02-BE82-45CE-817F-17519C65EEDB}.Debug|Any CPU.ActiveCfg = Debug|Any CPU
		{C4EC4E02-BE82-45CE-817F-17519C65EEDB}.Debug|Any CPU.Build.0 = Debug|Any CPU
		{C4EC4E02-BE82-45CE-817F-17519C65EEDB}.Release|Any CPU.ActiveCfg = Release|Any CPU
		{C4EC4E02-BE82-45CE-817F-17519C65EEDB}.Release|Any CPU.Build.0 = Release|Any CPU
		{45F783A4-A5B3-48A9-BE1A-9BCA34CE3F40}.Debug|Any CPU.ActiveCfg = Debug|Any CPU
		{45F783A4-A5B3-48A9-BE1A-9BCA34CE3F40}.Debug|Any CPU.Build.0 = Debug|Any CPU
		{45F783A4-A5B3-48A9-BE1A-9BCA34CE3F40}.Release|Any CPU.ActiveCfg = Release|Any CPU
		{45F783A4-A5B3-48A9-BE1A-9BCA34CE3F40}.Release|Any CPU.Build.0 = Release|Any CPU
		{35A210D3-3B51-4CD6-BCC0-F37B1BFC53B3}.Debug|Any CPU.ActiveCfg = Debug|Any CPU
		{35A210D3-3B51-4CD6-BCC0-F37B1BFC53B3}.Debug|Any CPU.Build.0 = Debug|Any CPU
		{35A210D3-3B51-4CD6-BCC0-F37B1BFC53B3}.Release|Any CPU.ActiveCfg = Release|Any CPU
		{35A210D3-3B51-4CD6-BCC0-F37B1BFC53B3}.Release|Any CPU.Build.0 = Release|Any CPU
		{2B012351-E959-4E5A-8339-9D91DE69DED6}.Debug|Any CPU.ActiveCfg = Debug|Any CPU
		{2B012351-E959-4E5A-8339-9D91DE69DED6}.Debug|Any CPU.Build.0 = Debug|Any CPU
		{2B012351-E959-4E5A-8339-9D91DE69DED6}.Release|Any CPU.ActiveCfg = Release|Any CPU
		{2B012351-E959-4E5A-8339-9D91DE69DED6}.Release|Any CPU.Build.0 = Release|Any CPU
		{F017FD34-1EE8-495F-B2B3-F7121D18A9DE}.Debug|Any CPU.ActiveCfg = Debug|Any CPU
		{F017FD34-1EE8-495F-B2B3-F7121D18A9DE}.Debug|Any CPU.Build.0 = Debug|Any CPU
		{F017FD34-1EE8-495F-B2B3-F7121D18A9DE}.Release|Any CPU.ActiveCfg = Release|Any CPU
		{F017FD34-1EE8-495F-B2B3-F7121D18A9DE}.Release|Any CPU.Build.0 = Release|Any CPU
		{40558E45-0F48-4DAD-BE48-EB8A1B97FBDB}.Debug|Any CPU.ActiveCfg = Debug|Any CPU
		{40558E45-0F48-4DAD-BE48-EB8A1B97FBDB}.Debug|Any CPU.Build.0 = Debug|Any CPU
		{40558E45-0F48-4DAD-BE48-EB8A1B97FBDB}.Release|Any CPU.ActiveCfg = Release|Any CPU
		{40558E45-0F48-4DAD-BE48-EB8A1B97FBDB}.Release|Any CPU.Build.0 = Release|Any CPU
	EndGlobalSection
	GlobalSection(SolutionProperties) = preSolution
		HideSolutionNode = FALSE
	EndGlobalSection
EndGlobal
